
Microsoft Visual Studio Solution File, Format Version 12.00
# Visual Studio Version 16
VisualStudioVersion = 16.0.28803.202
MinimumVisualStudioVersion = 10.0.40219.1
Project("{9A19103F-16F7-4668-BE54-9A1E7A4F7556}") = "MedicalInformationSystem", "MedicalInformationSystem\MedicalInformationSystem.csproj", "{408B3024-A975-49E1-A267-32E1644F411A}"
EndProject
Project("{FAE04EC0-301F-11D3-BF4B-00C04F79EFBC}") = "Specialist", "Specialist\Specialist.csproj", "{CDC1AB45-B464-417F-941E-853256C7239F}"
EndProject
Global
	GlobalSection(SolutionConfigurationPlatforms) = preSolution
		Debug|Any CPU = Debug|Any CPU
		Release|Any CPU = Release|Any CPU
	EndGlobalSection
	GlobalSection(ProjectConfigurationPlatforms) = postSolution
		{408B3024-A975-49E1-A267-32E1644F411A}.Debug|Any CPU.ActiveCfg = Debug|Any CPU
		{408B3024-A975-49E1-A267-32E1644F411A}.Debug|Any CPU.Build.0 = Debug|Any CPU
		{408B3024-A975-49E1-A267-32E1644F411A}.Release|Any CPU.ActiveCfg = Release|Any CPU
		{408B3024-A975-49E1-A267-32E1644F411A}.Release|Any CPU.Build.0 = Release|Any CPU
		{CDC1AB45-B464-417F-941E-853256C7239F}.Debug|Any CPU.ActiveCfg = Debug|Any CPU
		{CDC1AB45-B464-417F-941E-853256C7239F}.Debug|Any CPU.Build.0 = Debug|Any CPU
		{CDC1AB45-B464-417F-941E-853256C7239F}.Release|Any CPU.ActiveCfg = Release|Any CPU
		{CDC1AB45-B464-417F-941E-853256C7239F}.Release|Any CPU.Build.0 = Release|Any CPU
	EndGlobalSection
	GlobalSection(SolutionProperties) = preSolution
		HideSolutionNode = FALSE
	EndGlobalSection
	GlobalSection(ExtensibilityGlobals) = postSolution
		SolutionGuid = {447D103A-4A95-47EA-B03F-133FCD7AF2D8}
	EndGlobalSection
EndGlobal
